
Microsoft Visual Studio Solution File, Format Version 12.00
# Visual Studio Version 17
VisualStudioVersion = 17.12.35527.113
MinimumVisualStudioVersion = 10.0.40219.1
Project("{FAE04EC0-301F-11D3-BF4B-00C04F79EFBC}") = "WealthWatch", "WealthWatch\WealthWatch.csproj", "{EBB1DB0D-F63D-4F20-AFC5-F5D4FDF68619}"
EndProject
Global
	GlobalSection(SolutionConfigurationPlatforms) = preSolution
		Debug|Any CPU = Debug|Any CPU
		Release|Any CPU = Release|Any CPU
	EndGlobalSection
	GlobalSection(ProjectConfigurationPlatforms) = postSolution
		{EBB1DB0D-F63D-4F20-AFC5-F5D4FDF68619}.Debug|Any CPU.ActiveCfg = Debug|Any CPU
		{EBB1DB0D-F63D-4F20-AFC5-F5D4FDF68619}.Debug|Any CPU.Build.0 = Debug|Any CPU
		{EBB1DB0D-F63D-4F20-AFC5-F5D4FDF68619}.Debug|Any CPU.Deploy.0 = Debug|Any CPU
		{EBB1DB0D-F63D-4F20-AFC5-F5D4FDF68619}.Release|Any CPU.ActiveCfg = Release|Any CPU
		{EBB1DB0D-F63D-4F20-AFC5-F5D4FDF68619}.Release|Any CPU.Build.0 = Release|Any CPU
		{EBB1DB0D-F63D-4F20-AFC5-F5D4FDF68619}.Release|Any CPU.Deploy.0 = Release|Any CPU
	EndGlobalSection
	GlobalSection(SolutionProperties) = preSolution
		HideSolutionNode = FALSE
	EndGlobalSection
EndGlobal
